// !$*UTF8*$!
{
	archiveVersion = 1;
	classes = {
	};
	objectVersion = 55;
	objects = {

/* Begin PBXBuildFile section */
		4E063A502876FC64001A77D6 /* AppDelegate.swift in Sources */ = {isa = PBXBuildFile; fileRef = 4E063A4F2876FC64001A77D6 /* AppDelegate.swift */; };
		4E063A522876FC64001A77D6 /* SceneDelegate.swift in Sources */ = {isa = PBXBuildFile; fileRef = 4E063A512876FC64001A77D6 /* SceneDelegate.swift */; };
		4E063A542876FC64001A77D6 /* ViewController.swift in Sources */ = {isa = PBXBuildFile; fileRef = 4E063A532876FC64001A77D6 /* ViewController.swift */; };
		4E063A572876FC64001A77D6 /* Main.storyboard in Resources */ = {isa = PBXBuildFile; fileRef = 4E063A552876FC64001A77D6 /* Main.storyboard */; };
		4E063A5A2876FC64001A77D6 /* FabulousWeather.xcdatamodeld in Sources */ = {isa = PBXBuildFile; fileRef = 4E063A582876FC64001A77D6 /* FabulousWeather.xcdatamodeld */; };
		4E063A5C2876FC65001A77D6 /* Assets.xcassets in Resources */ = {isa = PBXBuildFile; fileRef = 4E063A5B2876FC65001A77D6 /* Assets.xcassets */; };
		4E063A5F2876FC65001A77D6 /* LaunchScreen.storyboard in Resources */ = {isa = PBXBuildFile; fileRef = 4E063A5D2876FC65001A77D6 /* LaunchScreen.storyboard */; };
		4E063A6A2876FC66001A77D6 /* FabulousWeatherTests.swift in Sources */ = {isa = PBXBuildFile; fileRef = 4E063A692876FC66001A77D6 /* FabulousWeatherTests.swift */; };
		4E063A742876FC66001A77D6 /* FabulousWeatherUITests.swift in Sources */ = {isa = PBXBuildFile; fileRef = 4E063A732876FC66001A77D6 /* FabulousWeatherUITests.swift */; };
		4E063A762876FC66001A77D6 /* FabulousWeatherUITestsLaunchTests.swift in Sources */ = {isa = PBXBuildFile; fileRef = 4E063A752876FC66001A77D6 /* FabulousWeatherUITestsLaunchTests.swift */; };
/* End PBXBuildFile section */

/* Begin PBXContainerItemProxy section */
		4E063A662876FC66001A77D6 /* PBXContainerItemProxy */ = {
			isa = PBXContainerItemProxy;
			containerPortal = 4E063A442876FC64001A77D6 /* Project object */;
			proxyType = 1;
			remoteGlobalIDString = 4E063A4B2876FC64001A77D6;
			remoteInfo = FabulousWeather;
		};
		4E063A702876FC66001A77D6 /* PBXContainerItemProxy */ = {
			isa = PBXContainerItemProxy;
			containerPortal = 4E063A442876FC64001A77D6 /* Project object */;
			proxyType = 1;
			remoteGlobalIDString = 4E063A4B2876FC64001A77D6;
			remoteInfo = FabulousWeather;
		};
/* End PBXContainerItemProxy section */

/* Begin PBXFileReference section */
		4E063A4C2876FC64001A77D6 /* FabulousWeather.app */ = {isa = PBXFileReference; explicitFileType = wrapper.application; includeInIndex = 0; path = FabulousWeather.app; sourceTree = BUILT_PRODUCTS_DIR; };
		4E063A4F2876FC64001A77D6 /* AppDelegate.swift */ = {isa = PBXFileReference; lastKnownFileType = sourcecode.swift; path = AppDelegate.swift; sourceTree = "<group>"; };
		4E063A512876FC64001A77D6 /* SceneDelegate.swift */ = {isa = PBXFileReference; lastKnownFileType = sourcecode.swift; path = SceneDelegate.swift; sourceTree = "<group>"; };
		4E063A532876FC64001A77D6 /* ViewController.swift */ = {isa = PBXFileReference; lastKnownFileType = sourcecode.swift; path = ViewController.swift; sourceTree = "<group>"; };
		4E063A562876FC64001A77D6 /* Base */ = {isa = PBXFileReference; lastKnownFileType = file.storyboard; name = Base; path = Base.lproj/Main.storyboard; sourceTree = "<group>"; };
		4E063A592876FC64001A77D6 /* FabulousWeather.xcdatamodel */ = {isa = PBXFileReference; lastKnownFileType = wrapper.xcdatamodel; path = FabulousWeather.xcdatamodel; sourceTree = "<group>"; };
		4E063A5B2876FC65001A77D6 /* Assets.xcassets */ = {isa = PBXFileReference; lastKnownFileType = folder.assetcatalog; path = Assets.xcassets; sourceTree = "<group>"; };
		4E063A5E2876FC65001A77D6 /* Base */ = {isa = PBXFileReference; lastKnownFileType = file.storyboard; name = Base; path = Base.lproj/LaunchScreen.storyboard; sourceTree = "<group>"; };
		4E063A602876FC65001A77D6 /* Info.plist */ = {isa = PBXFileReference; lastKnownFileType = text.plist.xml; path = Info.plist; sourceTree = "<group>"; };
		4E063A652876FC66001A77D6 /* FabulousWeatherTests.xctest */ = {isa = PBXFileReference; explicitFileType = wrapper.cfbundle; includeInIndex = 0; path = FabulousWeatherTests.xctest; sourceTree = BUILT_PRODUCTS_DIR; };
		4E063A692876FC66001A77D6 /* FabulousWeatherTests.swift */ = {isa = PBXFileReference; lastKnownFileType = sourcecode.swift; path = FabulousWeatherTests.swift; sourceTree = "<group>"; };
		4E063A6F2876FC66001A77D6 /* FabulousWeatherUITests.xctest */ = {isa = PBXFileReference; explicitFileType = wrapper.cfbundle; includeInIndex = 0; path = FabulousWeatherUITests.xctest; sourceTree = BUILT_PRODUCTS_DIR; };
		4E063A732876FC66001A77D6 /* FabulousWeatherUITests.swift */ = {isa = PBXFileReference; lastKnownFileType = sourcecode.swift; path = FabulousWeatherUITests.swift; sourceTree = "<group>"; };
		4E063A752876FC66001A77D6 /* FabulousWeatherUITestsLaunchTests.swift */ = {isa = PBXFileReference; lastKnownFileType = sourcecode.swift; path = FabulousWeatherUITestsLaunchTests.swift; sourceTree = "<group>"; };
/* End PBXFileReference section */

/* Begin PBXFrameworksBuildPhase section */
		4E063A492876FC64001A77D6 /* Frameworks */ = {
			isa = PBXFrameworksBuildPhase;
			buildActionMask = 2147483647;
			files = (
			);
			runOnlyForDeploymentPostprocessing = 0;
		};
		4E063A622876FC66001A77D6 /* Frameworks */ = {
			isa = PBXFrameworksBuildPhase;
			buildActionMask = 2147483647;
			files = (
			);
			runOnlyForDeploymentPostprocessing = 0;
		};
		4E063A6C2876FC66001A77D6 /* Frameworks */ = {
			isa = PBXFrameworksBuildPhase;
			buildActionMask = 2147483647;
			files = (
			);
			runOnlyForDeploymentPostprocessing = 0;
		};
/* End PBXFrameworksBuildPhase section */

/* Begin PBXGroup section */
		4E063A432876FC64001A77D6 = {
			isa = PBXGroup;
			children = (
				4E063A4E2876FC64001A77D6 /* FabulousWeather */,
				4E063A682876FC66001A77D6 /* FabulousWeatherTests */,
				4E063A722876FC66001A77D6 /* FabulousWeatherUITests */,
				4E063A4D2876FC64001A77D6 /* Products */,
			);
			sourceTree = "<group>";
		};
		4E063A4D2876FC64001A77D6 /* Products */ = {
			isa = PBXGroup;
			children = (
				4E063A4C2876FC64001A77D6 /* FabulousWeather.app */,
				4E063A652876FC66001A77D6 /* FabulousWeatherTests.xctest */,
				4E063A6F2876FC66001A77D6 /* FabulousWeatherUITests.xctest */,
			);
			name = Products;
			sourceTree = "<group>";
		};
		4E063A4E2876FC64001A77D6 /* FabulousWeather */ = {
			isa = PBXGroup;
			children = (
				4E063A4F2876FC64001A77D6 /* AppDelegate.swift */,
				4E063A512876FC64001A77D6 /* SceneDelegate.swift */,
				4E063A532876FC64001A77D6 /* ViewController.swift */,
				4E063A552876FC64001A77D6 /* Main.storyboard */,
				4E063A5B2876FC65001A77D6 /* Assets.xcassets */,
				4E063A5D2876FC65001A77D6 /* LaunchScreen.storyboard */,
				4E063A602876FC65001A77D6 /* Info.plist */,
				4E063A582876FC64001A77D6 /* FabulousWeather.xcdatamodeld */,
			);
			path = FabulousWeather;
			sourceTree = "<group>";
		};
		4E063A682876FC66001A77D6 /* FabulousWeatherTests */ = {
			isa = PBXGroup;
			children = (
				4E063A692876FC66001A77D6 /* FabulousWeatherTests.swift */,
			);
			path = FabulousWeatherTests;
			sourceTree = "<group>";
		};
		4E063A722876FC66001A77D6 /* FabulousWeatherUITests */ = {
			isa = PBXGroup;
			children = (
				4E063A732876FC66001A77D6 /* FabulousWeatherUITests.swift */,
				4E063A752876FC66001A77D6 /* FabulousWeatherUITestsLaunchTests.swift */,
			);
			path = FabulousWeatherUITests;
			sourceTree = "<group>";
		};
/* End PBXGroup section */

/* Begin PBXNativeTarget section */
		4E063A4B2876FC64001A77D6 /* FabulousWeather */ = {
			isa = PBXNativeTarget;
			buildConfigurationList = 4E063A792876FC66001A77D6 /* Build configuration list for PBXNativeTarget "FabulousWeather" */;
			buildPhases = (
				4E063A482876FC64001A77D6 /* Sources */,
				4E063A492876FC64001A77D6 /* Frameworks */,
				4E063A4A2876FC64001A77D6 /* Resources */,
			);
			buildRules = (
			);
			dependencies = (
			);
			name = FabulousWeather;
			productName = FabulousWeather;
			productReference = 4E063A4C2876FC64001A77D6 /* FabulousWeather.app */;
			productType = "com.apple.product-type.application";
		};
		4E063A642876FC66001A77D6 /* FabulousWeatherTests */ = {
			isa = PBXNativeTarget;
			buildConfigurationList = 4E063A7C2876FC66001A77D6 /* Build configuration list for PBXNativeTarget "FabulousWeatherTests" */;
			buildPhases = (
				4E063A612876FC66001A77D6 /* Sources */,
				4E063A622876FC66001A77D6 /* Frameworks */,
				4E063A632876FC66001A77D6 /* Resources */,
			);
			buildRules = (
			);
			dependencies = (
				4E063A672876FC66001A77D6 /* PBXTargetDependency */,
			);
			name = FabulousWeatherTests;
			productName = FabulousWeatherTests;
			productReference = 4E063A652876FC66001A77D6 /* FabulousWeatherTests.xctest */;
			productType = "com.apple.product-type.bundle.unit-test";
		};
		4E063A6E2876FC66001A77D6 /* FabulousWeatherUITests */ = {
			isa = PBXNativeTarget;
			buildConfigurationList = 4E063A7F2876FC66001A77D6 /* Build configuration list for PBXNativeTarget "FabulousWeatherUITests" */;
			buildPhases = (
				4E063A6B2876FC66001A77D6 /* Sources */,
				4E063A6C2876FC66001A77D6 /* Frameworks */,
				4E063A6D2876FC66001A77D6 /* Resources */,
			);
			buildRules = (
			);
			dependencies = (
				4E063A712876FC66001A77D6 /* PBXTargetDependency */,
			);
			name = FabulousWeatherUITests;
			productName = FabulousWeatherUITests;
			productReference = 4E063A6F2876FC66001A77D6 /* FabulousWeatherUITests.xctest */;
			productType = "com.apple.product-type.bundle.ui-testing";
		};
/* End PBXNativeTarget section */

/* Begin PBXProject section */
		4E063A442876FC64001A77D6 /* Project object */ = {
			isa = PBXProject;
			attributes = {
				BuildIndependentTargetsInParallel = 1;
				LastSwiftUpdateCheck = 1300;
				LastUpgradeCheck = 1300;
				TargetAttributes = {
					4E063A4B2876FC64001A77D6 = {
						CreatedOnToolsVersion = 13.0;
					};
					4E063A642876FC66001A77D6 = {
						CreatedOnToolsVersion = 13.0;
						TestTargetID = 4E063A4B2876FC64001A77D6;
					};
					4E063A6E2876FC66001A77D6 = {
						CreatedOnToolsVersion = 13.0;
						TestTargetID = 4E063A4B2876FC64001A77D6;
					};
				};
			};
			buildConfigurationList = 4E063A472876FC64001A77D6 /* Build configuration list for PBXProject "FabulousWeather" */;
			compatibilityVersion = "Xcode 13.0";
			developmentRegion = en;
			hasScannedForEncodings = 0;
			knownRegions = (
				en,
				Base,
			);
			mainGroup = 4E063A432876FC64001A77D6;
			productRefGroup = 4E063A4D2876FC64001A77D6 /* Products */;
			projectDirPath = "";
			projectRoot = "";
			targets = (
				4E063A4B2876FC64001A77D6 /* FabulousWeather */,
				4E063A642876FC66001A77D6 /* FabulousWeatherTests */,
				4E063A6E2876FC66001A77D6 /* FabulousWeatherUITests */,
			);
		};
/* End PBXProject section */

/* Begin PBXResourcesBuildPhase section */
		4E063A4A2876FC64001A77D6 /* Resources */ = {
			isa = PBXResourcesBuildPhase;
			buildActionMask = 2147483647;
			files = (
				4E063A5F2876FC65001A77D6 /* LaunchScreen.storyboard in Resources */,
				4E063A5C2876FC65001A77D6 /* Assets.xcassets in Resources */,
				4E063A572876FC64001A77D6 /* Main.storyboard in Resources */,
			);
			runOnlyForDeploymentPostprocessing = 0;
		};
		4E063A632876FC66001A77D6 /* Resources */ = {
			isa = PBXResourcesBuildPhase;
			buildActionMask = 2147483647;
			files = (
			);
			runOnlyForDeploymentPostprocessing = 0;
		};
		4E063A6D2876FC66001A77D6 /* Resources */ = {
			isa = PBXResourcesBuildPhase;
			buildActionMask = 2147483647;
			files = (
			);
			runOnlyForDeploymentPostprocessing = 0;
		};
/* End PBXResourcesBuildPhase section */

/* Begin PBXSourcesBuildPhase section */
		4E063A482876FC64001A77D6 /* Sources */ = {
			isa = PBXSourcesBuildPhase;
			buildActionMask = 2147483647;
			files = (
				4E063A542876FC64001A77D6 /* ViewController.swift in Sources */,
				4E063A5A2876FC64001A77D6 /* FabulousWeather.xcdatamodeld in Sources */,
				4E063A502876FC64001A77D6 /* AppDelegate.swift in Sources */,
				4E063A522876FC64001A77D6 /* SceneDelegate.swift in Sources */,
			);
			runOnlyForDeploymentPostprocessing = 0;
		};
		4E063A612876FC66001A77D6 /* Sources */ = {
			isa = PBXSourcesBuildPhase;
			buildActionMask = 2147483647;
			files = (
				4E063A6A2876FC66001A77D6 /* FabulousWeatherTests.swift in Sources */,
			);
			runOnlyForDeploymentPostprocessing = 0;
		};
		4E063A6B2876FC66001A77D6 /* Sources */ = {
			isa = PBXSourcesBuildPhase;
			buildActionMask = 2147483647;
			files = (
				4E063A762876FC66001A77D6 /* FabulousWeatherUITestsLaunchTests.swift in Sources */,
				4E063A742876FC66001A77D6 /* FabulousWeatherUITests.swift in Sources */,
			);
			runOnlyForDeploymentPostprocessing = 0;
		};
/* End PBXSourcesBuildPhase section */

/* Begin PBXTargetDependency section */
		4E063A672876FC66001A77D6 /* PBXTargetDependency */ = {
			isa = PBXTargetDependency;
			target = 4E063A4B2876FC64001A77D6 /* FabulousWeather */;
			targetProxy = 4E063A662876FC66001A77D6 /* PBXContainerItemProxy */;
		};
		4E063A712876FC66001A77D6 /* PBXTargetDependency */ = {
			isa = PBXTargetDependency;
			target = 4E063A4B2876FC64001A77D6 /* FabulousWeather */;
			targetProxy = 4E063A702876FC66001A77D6 /* PBXContainerItemProxy */;
		};
/* End PBXTargetDependency section */

/* Begin PBXVariantGroup section */
		4E063A552876FC64001A77D6 /* Main.storyboard */ = {
			isa = PBXVariantGroup;
			children = (
				4E063A562876FC64001A77D6 /* Base */,
			);
			name = Main.storyboard;
			sourceTree = "<group>";
		};
		4E063A5D2876FC65001A77D6 /* LaunchScreen.storyboard */ = {
			isa = PBXVariantGroup;
			children = (
				4E063A5E2876FC65001A77D6 /* Base */,
			);
			name = LaunchScreen.storyboard;
			sourceTree = "<group>";
		};
/* End PBXVariantGroup section */

/* Begin XCBuildConfiguration section */
		4E063A772876FC66001A77D6 /* Debug */ = {
			isa = XCBuildConfiguration;
			buildSettings = {
				ALWAYS_SEARCH_USER_PATHS = NO;
				CLANG_ANALYZER_NONNULL = YES;
				CLANG_ANALYZER_NUMBER_OBJECT_CONVERSION = YES_AGGRESSIVE;
				CLANG_CXX_LANGUAGE_STANDARD = "gnu++17";
				CLANG_CXX_LIBRARY = "libc++";
				CLANG_ENABLE_MODULES = YES;
				CLANG_ENABLE_OBJC_ARC = YES;
				CLANG_ENABLE_OBJC_WEAK = YES;
				CLANG_WARN_BLOCK_CAPTURE_AUTORELEASING = YES;
				CLANG_WARN_BOOL_CONVERSION = YES;
				CLANG_WARN_COMMA = YES;
				CLANG_WARN_CONSTANT_CONVERSION = YES;
				CLANG_WARN_DEPRECATED_OBJC_IMPLEMENTATIONS = YES;
				CLANG_WARN_DIRECT_OBJC_ISA_USAGE = YES_ERROR;
				CLANG_WARN_DOCUMENTATION_COMMENTS = YES;
				CLANG_WARN_EMPTY_BODY = YES;
				CLANG_WARN_ENUM_CONVERSION = YES;
				CLANG_WARN_INFINITE_RECURSION = YES;
				CLANG_WARN_INT_CONVERSION = YES;
				CLANG_WARN_NON_LITERAL_NULL_CONVERSION = YES;
				CLANG_WARN_OBJC_IMPLICIT_RETAIN_SELF = YES;
				CLANG_WARN_OBJC_LITERAL_CONVERSION = YES;
				CLANG_WARN_OBJC_ROOT_CLASS = YES_ERROR;
				CLANG_WARN_QUOTED_INCLUDE_IN_FRAMEWORK_HEADER = YES;
				CLANG_WARN_RANGE_LOOP_ANALYSIS = YES;
				CLANG_WARN_STRICT_PROTOTYPES = YES;
				CLANG_WARN_SUSPICIOUS_MOVE = YES;
				CLANG_WARN_UNGUARDED_AVAILABILITY = YES_AGGRESSIVE;
				CLANG_WARN_UNREACHABLE_CODE = YES;
				CLANG_WARN__DUPLICATE_METHOD_MATCH = YES;
				COPY_PHASE_STRIP = NO;
				DEBUG_INFORMATION_FORMAT = dwarf;
				ENABLE_STRICT_OBJC_MSGSEND = YES;
				ENABLE_TESTABILITY = YES;
				GCC_C_LANGUAGE_STANDARD = gnu11;
				GCC_DYNAMIC_NO_PIC = NO;
				GCC_NO_COMMON_BLOCKS = YES;
				GCC_OPTIMIZATION_LEVEL = 0;
				GCC_PREPROCESSOR_DEFINITIONS = (
					"DEBUG=1",
					"$(inherited)",
				);
				GCC_WARN_64_TO_32_BIT_CONVERSION = YES;
				GCC_WARN_ABOUT_RETURN_TYPE = YES_ERROR;
				GCC_WARN_UNDECLARED_SELECTOR = YES;
				GCC_WARN_UNINITIALIZED_AUTOS = YES_AGGRESSIVE;
				GCC_WARN_UNUSED_FUNCTION = YES;
				GCC_WARN_UNUSED_VARIABLE = YES;
				IPHONEOS_DEPLOYMENT_TARGET = 15.0;
				MTL_ENABLE_DEBUG_INFO = INCLUDE_SOURCE;
				MTL_FAST_MATH = YES;
				ONLY_ACTIVE_ARCH = YES;
				SDKROOT = iphoneos;
				SWIFT_ACTIVE_COMPILATION_CONDITIONS = DEBUG;
				SWIFT_OPTIMIZATION_LEVEL = "-Onone";
			};
			name = Debug;
		};
		4E063A782876FC66001A77D6 /* Release */ = {
			isa = XCBuildConfiguration;
			buildSettings = {
				ALWAYS_SEARCH_USER_PATHS = NO;
				CLANG_ANALYZER_NONNULL = YES;
				CLANG_ANALYZER_NUMBER_OBJECT_CONVERSION = YES_AGGRESSIVE;
				CLANG_CXX_LANGUAGE_STANDARD = "gnu++17";
				CLANG_CXX_LIBRARY = "libc++";
				CLANG_ENABLE_MODULES = YES;
				CLANG_ENABLE_OBJC_ARC = YES;
				CLANG_ENABLE_OBJC_WEAK = YES;
				CLANG_WARN_BLOCK_CAPTURE_AUTORELEASING = YES;
				CLANG_WARN_BOOL_CONVERSION = YES;
				CLANG_WARN_COMMA = YES;
				CLANG_WARN_CONSTANT_CONVERSION = YES;
				CLANG_WARN_DEPRECATED_OBJC_IMPLEMENTATIONS = YES;
				CLANG_WARN_DIRECT_OBJC_ISA_USAGE = YES_ERROR;
				CLANG_WARN_DOCUMENTATION_COMMENTS = YES;
				CLANG_WARN_EMPTY_BODY = YES;
				CLANG_WARN_ENUM_CONVERSION = YES;
				CLANG_WARN_INFINITE_RECURSION = YES;
				CLANG_WARN_INT_CONVERSION = YES;
				CLANG_WARN_NON_LITERAL_NULL_CONVERSION = YES;
				CLANG_WARN_OBJC_IMPLICIT_RETAIN_SELF = YES;
				CLANG_WARN_OBJC_LITERAL_CONVERSION = YES;
				CLANG_WARN_OBJC_ROOT_CLASS = YES_ERROR;
				CLANG_WARN_QUOTED_INCLUDE_IN_FRAMEWORK_HEADER = YES;
				CLANG_WARN_RANGE_LOOP_ANALYSIS = YES;
				CLANG_WARN_STRICT_PROTOTYPES = YES;
				CLANG_WARN_SUSPICIOUS_MOVE = YES;
				CLANG_WARN_UNGUARDED_AVAILABILITY = YES_AGGRESSIVE;
				CLANG_WARN_UNREACHABLE_CODE = YES;
				CLANG_WARN__DUPLICATE_METHOD_MATCH = YES;
				COPY_PHASE_STRIP = NO;
				DEBUG_INFORMATION_FORMAT = "dwarf-with-dsym";
				ENABLE_NS_ASSERTIONS = NO;
				ENABLE_STRICT_OBJC_MSGSEND = YES;
				GCC_C_LANGUAGE_STANDARD = gnu11;
				GCC_NO_COMMON_BLOCKS = YES;
				GCC_WARN_64_TO_32_BIT_CONVERSION = YES;
				GCC_WARN_ABOUT_RETURN_TYPE = YES_ERROR;
				GCC_WARN_UNDECLARED_SELECTOR = YES;
				GCC_WARN_UNINITIALIZED_AUTOS = YES_AGGRESSIVE;
				GCC_WARN_UNUSED_FUNCTION = YES;
				GCC_WARN_UNUSED_VARIABLE = YES;
				IPHONEOS_DEPLOYMENT_TARGET = 15.0;
				MTL_ENABLE_DEBUG_INFO = NO;
				MTL_FAST_MATH = YES;
				SDKROOT = iphoneos;
				SWIFT_COMPILATION_MODE = wholemodule;
				SWIFT_OPTIMIZATION_LEVEL = "-O";
				VALIDATE_PRODUCT = YES;
			};
			name = Release;
		};
		4E063A7A2876FC66001A77D6 /* Debug */ = {
			isa = XCBuildConfiguration;
			buildSettings = {
				ASSETCATALOG_COMPILER_APPICON_NAME = AppIcon;
				ASSETCATALOG_COMPILER_GLOBAL_ACCENT_COLOR_NAME = AccentColor;
				CODE_SIGN_STYLE = Automatic;
				CURRENT_PROJECT_VERSION = 1;
				DEVELOPMENT_TEAM = G52SNX4NPA;
				GENERATE_INFOPLIST_FILE = YES;
				INFOPLIST_FILE = FabulousWeather/Info.plist;
				INFOPLIST_KEY_UIApplicationSupportsIndirectInputEvents = YES;
				INFOPLIST_KEY_UILaunchStoryboardName = LaunchScreen;
				INFOPLIST_KEY_UIMainStoryboardFile = Main;
				INFOPLIST_KEY_UISupportedInterfaceOrientations_iPad = "UIInterfaceOrientationPortrait UIInterfaceOrientationPortraitUpsideDown UIInterfaceOrientationLandscapeLeft UIInterfaceOrientationLandscapeRight";
				INFOPLIST_KEY_UISupportedInterfaceOrientations_iPhone = "UIInterfaceOrientationPortrait UIInterfaceOrientationLandscapeLeft UIInterfaceOrientationLandscapeRight";
				LD_RUNPATH_SEARCH_PATHS = (
					"$(inherited)",
					"@executable_path/Frameworks",
				);
				MARKETING_VERSION = 1.0;
				PRODUCT_BUNDLE_IDENTIFIER = com.loginov.FabulousWeather;
				PRODUCT_NAME = "$(TARGET_NAME)";
				SWIFT_EMIT_LOC_STRINGS = YES;
				SWIFT_VERSION = 5.0;
				TARGETED_DEVICE_FAMILY = "1,2";
			};
			name = Debug;
		};
		4E063A7B2876FC66001A77D6 /* Release */ = {
			isa = XCBuildConfiguration;
			buildSettings = {
				ASSETCATALOG_COMPILER_APPICON_NAME = AppIcon;
				ASSETCATALOG_COMPILER_GLOBAL_ACCENT_COLOR_NAME = AccentColor;
				CODE_SIGN_STYLE = Automatic;
				CURRENT_PROJECT_VERSION = 1;
				DEVELOPMENT_TEAM = G52SNX4NPA;
				GENERATE_INFOPLIST_FILE = YES;
				INFOPLIST_FILE = FabulousWeather/Info.plist;
				INFOPLIST_KEY_UIApplicationSupportsIndirectInputEvents = YES;
				INFOPLIST_KEY_UILaunchStoryboardName = LaunchScreen;
				INFOPLIST_KEY_UIMainStoryboardFile = Main;
				INFOPLIST_KEY_UISupportedInterfaceOrientations_iPad = "UIInterfaceOrientationPortrait UIInterfaceOrientationPortraitUpsideDown UIInterfaceOrientationLandscapeLeft UIInterfaceOrientationLandscapeRight";
				INFOPLIST_KEY_UISupportedInterfaceOrientations_iPhone = "UIInterfaceOrientationPortrait UIInterfaceOrientationLandscapeLeft UIInterfaceOrientationLandscapeRight";
				LD_RUNPATH_SEARCH_PATHS = (
					"$(inherited)",
					"@executable_path/Frameworks",
				);
				MARKETING_VERSION = 1.0;
				PRODUCT_BUNDLE_IDENTIFIER = com.loginov.FabulousWeather;
				PRODUCT_NAME = "$(TARGET_NAME)";
				SWIFT_EMIT_LOC_STRINGS = YES;
				SWIFT_VERSION = 5.0;
				TARGETED_DEVICE_FAMILY = "1,2";
			};
			name = Release;
		};
		4E063A7D2876FC66001A77D6 /* Debug */ = {
			isa = XCBuildConfiguration;
			buildSettings = {
				ALWAYS_EMBED_SWIFT_STANDARD_LIBRARIES = YES;
				BUNDLE_LOADER = "$(TEST_HOST)";
				CODE_SIGN_STYLE = Automatic;
				CURRENT_PROJECT_VERSION = 1;
				DEVELOPMENT_TEAM = G52SNX4NPA;
				GENERATE_INFOPLIST_FILE = YES;
				IPHONEOS_DEPLOYMENT_TARGET = 15.0;
				LD_RUNPATH_SEARCH_PATHS = (
					"$(inherited)",
					"@executable_path/Frameworks",
					"@loader_path/Frameworks",
				);
				MARKETING_VERSION = 1.0;
				PRODUCT_BUNDLE_IDENTIFIER = com.loginov.FabulousWeatherTests;
				PRODUCT_NAME = "$(TARGET_NAME)";
				SWIFT_EMIT_LOC_STRINGS = NO;
				SWIFT_VERSION = 5.0;
				TARGETED_DEVICE_FAMILY = "1,2";
				TEST_HOST = "$(BUILT_PRODUCTS_DIR)/FabulousWeather.app/FabulousWeather";
			};
			name = Debug;
		};
		4E063A7E2876FC66001A77D6 /* Release */ = {
			isa = XCBuildConfiguration;
			buildSettings = {
				ALWAYS_EMBED_SWIFT_STANDARD_LIBRARIES = YES;
				BUNDLE_LOADER = "$(TEST_HOST)";
				CODE_SIGN_STYLE = Automatic;
				CURRENT_PROJECT_VERSION = 1;
				DEVELOPMENT_TEAM = G52SNX4NPA;
				GENERATE_INFOPLIST_FILE = YES;
				IPHONEOS_DEPLOYMENT_TARGET = 15.0;
				LD_RUNPATH_SEARCH_PATHS = (
					"$(inherited)",
					"@executable_path/Frameworks",
					"@loader_path/Frameworks",
				);
				MARKETING_VERSION = 1.0;
				PRODUCT_BUNDLE_IDENTIFIER = com.loginov.FabulousWeatherTests;
				PRODUCT_NAME = "$(TARGET_NAME)";
				SWIFT_EMIT_LOC_STRINGS = NO;
				SWIFT_VERSION = 5.0;
				TARGETED_DEVICE_FAMILY = "1,2";
				TEST_HOST = "$(BUILT_PRODUCTS_DIR)/FabulousWeather.app/FabulousWeather";
			};
			name = Release;
		};
		4E063A802876FC66001A77D6 /* Debug */ = {
			isa = XCBuildConfiguration;
			buildSettings = {
				ALWAYS_EMBED_SWIFT_STANDARD_LIBRARIES = YES;
				CODE_SIGN_STYLE = Automatic;
				CURRENT_PROJECT_VERSION = 1;
				DEVELOPMENT_TEAM = G52SNX4NPA;
				GENERATE_INFOPLIST_FILE = YES;
				LD_RUNPATH_SEARCH_PATHS = (
					"$(inherited)",
					"@executable_path/Frameworks",
					"@loader_path/Frameworks",
				);
				MARKETING_VERSION = 1.0;
				PRODUCT_BUNDLE_IDENTIFIER = com.loginov.FabulousWeatherUITests;
				PRODUCT_NAME = "$(TARGET_NAME)";
				SWIFT_EMIT_LOC_STRINGS = NO;
				SWIFT_VERSION = 5.0;
				TARGETED_DEVICE_FAMILY = "1,2";
				TEST_TARGET_NAME = FabulousWeather;
			};
			name = Debug;
		};
		4E063A812876FC66001A77D6 /* Release */ = {
			isa = XCBuildConfiguration;
			buildSettings = {
				ALWAYS_EMBED_SWIFT_STANDARD_LIBRARIES = YES;
				CODE_SIGN_STYLE = Automatic;
				CURRENT_PROJECT_VERSION = 1;
				DEVELOPMENT_TEAM = G52SNX4NPA;
				GENERATE_INFOPLIST_FILE = YES;
				LD_RUNPATH_SEARCH_PATHS = (
					"$(inherited)",
					"@executable_path/Frameworks",
					"@loader_path/Frameworks",
				);
				MARKETING_VERSION = 1.0;
				PRODUCT_BUNDLE_IDENTIFIER = com.loginov.FabulousWeatherUITests;
				PRODUCT_NAME = "$(TARGET_NAME)";
				SWIFT_EMIT_LOC_STRINGS = NO;
				SWIFT_VERSION = 5.0;
				TARGETED_DEVICE_FAMILY = "1,2";
				TEST_TARGET_NAME = FabulousWeather;
			};
			name = Release;
		};
/* End XCBuildConfiguration section */

/* Begin XCConfigurationList section */
		4E063A472876FC64001A77D6 /* Build configuration list for PBXProject "FabulousWeather" */ = {
			isa = XCConfigurationList;
			buildConfigurations = (
				4E063A772876FC66001A77D6 /* Debug */,
				4E063A782876FC66001A77D6 /* Release */,
			);
			defaultConfigurationIsVisible = 0;
			defaultConfigurationName = Release;
		};
		4E063A792876FC66001A77D6 /* Build configuration list for PBXNativeTarget "FabulousWeather" */ = {
			isa = XCConfigurationList;
			buildConfigurations = (
				4E063A7A2876FC66001A77D6 /* Debug */,
				4E063A7B2876FC66001A77D6 /* Release */,
			);
			defaultConfigurationIsVisible = 0;
			defaultConfigurationName = Release;
		};
		4E063A7C2876FC66001A77D6 /* Build configuration list for PBXNativeTarget "FabulousWeatherTests" */ = {
			isa = XCConfigurationList;
			buildConfigurations = (
				4E063A7D2876FC66001A77D6 /* Debug */,
				4E063A7E2876FC66001A77D6 /* Release */,
			);
			defaultConfigurationIsVisible = 0;
			defaultConfigurationName = Release;
		};
		4E063A7F2876FC66001A77D6 /* Build configuration list for PBXNativeTarget "FabulousWeatherUITests" */ = {
			isa = XCConfigurationList;
			buildConfigurations = (
				4E063A802876FC66001A77D6 /* Debug */,
				4E063A812876FC66001A77D6 /* Release */,
			);
			defaultConfigurationIsVisible = 0;
			defaultConfigurationName = Release;
		};
/* End XCConfigurationList section */

/* Begin XCVersionGroup section */
		4E063A582876FC64001A77D6 /* FabulousWeather.xcdatamodeld */ = {
			isa = XCVersionGroup;
			children = (
				4E063A592876FC64001A77D6 /* FabulousWeather.xcdatamodel */,
			);
			currentVersion = 4E063A592876FC64001A77D6 /* FabulousWeather.xcdatamodel */;
			path = FabulousWeather.xcdatamodeld;
			sourceTree = "<group>";
			versionGroupType = wrapper.xcdatamodel;
		};
/* End XCVersionGroup section */
	};
	rootObject = 4E063A442876FC64001A77D6 /* Project object */;
}
